{
  "originHash" : "83ffce27527b281518faad7eba754e9f0ce57b67740a62356e3d9b6ced46e1b2",
  "pins" : [
    {
      "identity" : "gzipswift",
      "kind" : "remoteSourceControl",
      "location" : "https://github.com/1024jp/GzipSwift",
      "state" : {
        "revision" : "ba0b6cb51cc6202f896e469b87d2889a46b10d1b",
        "version" : "5.1.1"
      }
    }
  ],
  "version" : 3
}
