// !$*UTF8*$!
{
	archiveVersion = 1;
	classes = {
	};
	objectVersion = 54;
	objects = {

/* Begin PBXBuildFile section */
		4509EA47226251EF0031408D /* ModuleInfo+CoreDataClass.swift in Sources */ = {isa = PBXBuildFile; fileRef = 4509EA43226251EF0031408D /* ModuleInfo+CoreDataClass.swift */; };
		4509EA48226251EF0031408D /* ModuleInfo+CoreDataProperties.swift in Sources */ = {isa = PBXBuildFile; fileRef = 4509EA44226251EF0031408D /* ModuleInfo+CoreDataProperties.swift */; };
		4509EA49226251EF0031408D /* Playlist+CoreDataClass.swift in Sources */ = {isa = PBXBuildFile; fileRef = 4509EA45226251EF0031408D /* Playlist+CoreDataClass.swift */; };
		4509EA4A226251EF0031408D /* Playlist+CoreDataProperties.swift in Sources */ = {isa = PBXBuildFile; fileRef = 4509EA46226251EF0031408D /* Playlist+CoreDataProperties.swift */; };
		450E506421879347008FB155 /* SettingsPresenter.swift in Sources */ = {isa = PBXBuildFile; fileRef = 450E505E21879347008FB155 /* SettingsPresenter.swift */; };
		450E506621879347008FB155 /* SettingsRouter.swift in Sources */ = {isa = PBXBuildFile; fileRef = 450E506021879347008FB155 /* SettingsRouter.swift */; };
		450E506721879347008FB155 /* SettingsModels.swift in Sources */ = {isa = PBXBuildFile; fileRef = 450E506121879347008FB155 /* SettingsModels.swift */; };
		450E506821879347008FB155 /* SettingsViewController.swift in Sources */ = {isa = PBXBuildFile; fileRef = 450E506221879347008FB155 /* SettingsViewController.swift */; };
		450E506921879347008FB155 /* SettingsInteractor.swift in Sources */ = {isa = PBXBuildFile; fileRef = 450E506321879347008FB155 /* SettingsInteractor.swift */; };
		450E506D2187A066008FB155 /* SettingsStereoCell.swift in Sources */ = {isa = PBXBuildFile; fileRef = 450E506C2187A066008FB155 /* SettingsStereoCell.swift */; };
		451B6AA02204B6CC001848FA /* LocalPresenter.swift in Sources */ = {isa = PBXBuildFile; fileRef = 451B6A9A2204B6CC001848FA /* LocalPresenter.swift */; };
		451B6AA22204B6CC001848FA /* LocalRouter.swift in Sources */ = {isa = PBXBuildFile; fileRef = 451B6A9C2204B6CC001848FA /* LocalRouter.swift */; };
		451B6AA32204B6CC001848FA /* LocalModels.swift in Sources */ = {isa = PBXBuildFile; fileRef = 451B6A9D2204B6CC001848FA /* LocalModels.swift */; };
		451B6AA42204B6CC001848FA /* LocalViewController.swift in Sources */ = {isa = PBXBuildFile; fileRef = 451B6A9E2204B6CC001848FA /* LocalViewController.swift */; };
		451B6AA52204B6CC001848FA /* LocalInteractor.swift in Sources */ = {isa = PBXBuildFile; fileRef = 451B6A9F2204B6CC001848FA /* LocalInteractor.swift */; };
		451B6AA72204BBBB001848FA /* ModuleStorage.swift in Sources */ = {isa = PBXBuildFile; fileRef = 451B6AA62204BBBB001848FA /* ModuleStorage.swift */; };
		451ED0A6241E6AA6006CE4E8 /* SwiftUITest.swift in Sources */ = {isa = PBXBuildFile; fileRef = 451ED0A5241E6AA6006CE4E8 /* SwiftUITest.swift */; };
		451ED0AF241E8A83006CE4E8 /* PlaylistRouter.swift in Sources */ = {isa = PBXBuildFile; fileRef = 451ED0A9241E8A83006CE4E8 /* PlaylistRouter.swift */; };
		451ED0B0241E8A83006CE4E8 /* PlaylistModels.swift in Sources */ = {isa = PBXBuildFile; fileRef = 451ED0AA241E8A83006CE4E8 /* PlaylistModels.swift */; };
		451ED0B1241E8A83006CE4E8 /* PlaylistStore.swift in Sources */ = {isa = PBXBuildFile; fileRef = 451ED0AB241E8A83006CE4E8 /* PlaylistStore.swift */; };
		451ED0B2241E8A83006CE4E8 /* PlaylistInteractor.swift in Sources */ = {isa = PBXBuildFile; fileRef = 451ED0AC241E8A83006CE4E8 /* PlaylistInteractor.swift */; };
		4535A4642114BB2D005FBB8B /* SearchPresenter.swift in Sources */ = {isa = PBXBuildFile; fileRef = 4535A45E2114BB2D005FBB8B /* SearchPresenter.swift */; };
		4535A4662114BB2D005FBB8B /* SearchRouter.swift in Sources */ = {isa = PBXBuildFile; fileRef = 4535A4602114BB2D005FBB8B /* SearchRouter.swift */; };
		4535A4672114BB2D005FBB8B /* SearchModels.swift in Sources */ = {isa = PBXBuildFile; fileRef = 4535A4612114BB2D005FBB8B /* SearchModels.swift */; };
		4535A4682114BB2D005FBB8B /* SearchViewController.swift in Sources */ = {isa = PBXBuildFile; fileRef = 4535A4622114BB2D005FBB8B /* SearchViewController.swift */; };
		4535A4692114BB2D005FBB8B /* SearchInteractor.swift in Sources */ = {isa = PBXBuildFile; fileRef = 4535A4632114BB2D005FBB8B /* SearchInteractor.swift */; };
		4535A46B2114C335005FBB8B /* ModuleCell.swift in Sources */ = {isa = PBXBuildFile; fileRef = 4535A46A2114C335005FBB8B /* ModuleCell.swift */; };
		453D9BB8241BF286002EEBAB /* PlaylistSelectorPresenter.swift in Sources */ = {isa = PBXBuildFile; fileRef = 453D9BB2241BF286002EEBAB /* PlaylistSelectorPresenter.swift */; };
		453D9BBA241BF286002EEBAB /* PlaylistSelectorRouter.swift in Sources */ = {isa = PBXBuildFile; fileRef = 453D9BB4241BF286002EEBAB /* PlaylistSelectorRouter.swift */; };
		453D9BBB241BF286002EEBAB /* PlaylistSelectorModels.swift in Sources */ = {isa = PBXBuildFile; fileRef = 453D9BB5241BF286002EEBAB /* PlaylistSelectorModels.swift */; };
		453D9BBC241BF286002EEBAB /* PlaylistSelectorStore.swift in Sources */ = {isa = PBXBuildFile; fileRef = 453D9BB6241BF286002EEBAB /* PlaylistSelectorStore.swift */; };
		453D9BBD241BF286002EEBAB /* PlaylistSelectorInteractor.swift in Sources */ = {isa = PBXBuildFile; fileRef = 453D9BB7241BF286002EEBAB /* PlaylistSelectorInteractor.swift */; };
		453D9BBF241D24B7002EEBAB /* PlaylistPickerView.swift in Sources */ = {isa = PBXBuildFile; fileRef = 453D9BBE241D24B7002EEBAB /* PlaylistPickerView.swift */; };
		4543983420D0344F00991ADC /* AboutRouter.swift in Sources */ = {isa = PBXBuildFile; fileRef = 4543982E20D0344F00991ADC /* AboutRouter.swift */; };
		4543983620D0344F00991ADC /* AboutInteractor.swift in Sources */ = {isa = PBXBuildFile; fileRef = 4543983020D0344F00991ADC /* AboutInteractor.swift */; };
		4543983720D0344F00991ADC /* AboutModels.swift in Sources */ = {isa = PBXBuildFile; fileRef = 4543983120D0344F00991ADC /* AboutModels.swift */; };
		4543983820D0344F00991ADC /* AboutPresenter.swift in Sources */ = {isa = PBXBuildFile; fileRef = 4543983220D0344F00991ADC /* AboutPresenter.swift */; };
		4543983920D0344F00991ADC /* AboutViewController.swift in Sources */ = {isa = PBXBuildFile; fileRef = 4543983320D0344F00991ADC /* AboutViewController.swift */; };
		4543984D20D0366E00991ADC /* Localizable.strings in Resources */ = {isa = PBXBuildFile; fileRef = 4543983B20D0366E00991ADC /* Localizable.strings */; };
		4543984E20D0366E00991ADC /* InfoPlist.strings in Resources */ = {isa = PBXBuildFile; fileRef = 4543983D20D0366E00991ADC /* InfoPlist.strings */; };
		4543984F20D0366E00991ADC /* String+extension.swift in Sources */ = {isa = PBXBuildFile; fileRef = 4543984820D0366E00991ADC /* String+extension.swift */; };
		4543985120D03C1600991ADC /* AboutHeaderView.swift in Sources */ = {isa = PBXBuildFile; fileRef = 4543985020D03C1500991ADC /* AboutHeaderView.swift */; };
		454612F3245DA50700C07D51 /* SettingsInterpolationCell.swift in Sources */ = {isa = PBXBuildFile; fileRef = 454612F2245DA50700C07D51 /* SettingsInterpolationCell.swift */; };
		454D1ADA22035D87006ABA85 /* AmpCDModel.xcdatamodeld in Sources */ = {isa = PBXBuildFile; fileRef = 454D1AD822035D87006ABA85 /* AmpCDModel.xcdatamodeld */; };
		454F5205215D20F3007011F3 /* ModuleFetcher.swift in Sources */ = {isa = PBXBuildFile; fileRef = 454F5204215D20F3007011F3 /* ModuleFetcher.swift */; };
		454F5207215D3FF1007011F3 /* ComposerCell.swift in Sources */ = {isa = PBXBuildFile; fileRef = 454F5206215D3FF1007011F3 /* ComposerCell.swift */; };
		454F5209215D4587007011F3 /* GroupCell.swift in Sources */ = {isa = PBXBuildFile; fileRef = 454F5208215D4587007011F3 /* GroupCell.swift */; };
		454F520C21610E94007011F3 /* ModuleCell.xib in Resources */ = {isa = PBXBuildFile; fileRef = 454F520B21610E94007011F3 /* ModuleCell.xib */; };
		454F520E21610F70007011F3 /* GroupCell.xib in Resources */ = {isa = PBXBuildFile; fileRef = 454F520D21610F70007011F3 /* GroupCell.xib */; };
		454F521021610F83007011F3 /* ComposerCell.xib in Resources */ = {isa = PBXBuildFile; fileRef = 454F520F21610F83007011F3 /* ComposerCell.xib */; };
		4569AC8B21628C70000EDFDC /* UISearchBar+ActivityIndicator.swift in Sources */ = {isa = PBXBuildFile; fileRef = 4569AC8A21628C70000EDFDC /* UISearchBar+ActivityIndicator.swift */; };
		456E6F2E240A5FAF0034BDA2 /* PlaylistView.swift in Sources */ = {isa = PBXBuildFile; fileRef = 456E6F2D240A5FAF0034BDA2 /* PlaylistView.swift */; };
		45855FC9244467420079C767 /* DownloadView.swift in Sources */ = {isa = PBXBuildFile; fileRef = 45855FC8244467420079C767 /* DownloadView.swift */; };
		45855FCB244475050079C767 /* DownloadHostingController.swift in Sources */ = {isa = PBXBuildFile; fileRef = 45855FCA244475050079C767 /* DownloadHostingController.swift */; };
		45855FCD2444AC6B0079C767 /* ModuleSharing.swift in Sources */ = {isa = PBXBuildFile; fileRef = 45855FCC2444AC6B0079C767 /* ModuleSharing.swift */; };
		45AA7AED2101BDB10096D7E7 /* ModulePlayer.swift in Sources */ = {isa = PBXBuildFile; fileRef = 45AA7AEC2101BDB10096D7E7 /* ModulePlayer.swift */; };
		45AA90F520FF2F6600794147 /* RESTRoutes.swift in Sources */ = {isa = PBXBuildFile; fileRef = 45AA90F420FF2F6600794147 /* RESTRoutes.swift */; };
		45AA910220FF36C200794147 /* Replay.m in Sources */ = {isa = PBXBuildFile; fileRef = 45AA90F720FF36C200794147 /* Replay.m */; };
		45AA910320FF36C200794147 /* hvl_replay.cpp in Sources */ = {isa = PBXBuildFile; fileRef = 45AA90F920FF36C200794147 /* hvl_replay.cpp */; };
		45AA910520FF36C200794147 /* HVLReplayer.mm in Sources */ = {isa = PBXBuildFile; fileRef = 45AA90FB20FF36C200794147 /* HVLReplayer.mm */; };
		45AA910620FF36C200794147 /* MPTReplayer.m in Sources */ = {isa = PBXBuildFile; fileRef = 45AA910120FF36C200794147 /* MPTReplayer.m */; };
		45AA910E20FF5E8A00794147 /* Structs.swift in Sources */ = {isa = PBXBuildFile; fileRef = 45AA910D20FF5E8A00794147 /* Structs.swift */; };
		45AA91102100C48500794147 /* MainViewController.swift in Sources */ = {isa = PBXBuildFile; fileRef = 45AA910F2100C48500794147 /* MainViewController.swift */; };
		45AA91122100D13300794147 /* NowPlayingView.swift in Sources */ = {isa = PBXBuildFile; fileRef = 45AA91112100D13300794147 /* NowPlayingView.swift */; };
		45AA91162100ECE600794147 /* VisualizerViewController.swift in Sources */ = {isa = PBXBuildFile; fileRef = 45AA91142100ECE600794147 /* VisualizerViewController.swift */; };
		45AA911A2100EF1900794147 /* AmpSlider.swift in Sources */ = {isa = PBXBuildFile; fileRef = 45AA91182100EF1900794147 /* AmpSlider.swift */; };
		45AA911B2100EF1900794147 /* AmpVizScene.swift in Sources */ = {isa = PBXBuildFile; fileRef = 45AA91192100EF1900794147 /* AmpVizScene.swift */; };
		45B5FC26255D997000282550 /* ReviewActions.swift in Sources */ = {isa = PBXBuildFile; fileRef = 45B5FC25255D997000282550 /* ReviewActions.swift */; };
		45CEA1DF2413C8E300930A72 /* SceneDelegate.swift in Sources */ = {isa = PBXBuildFile; fileRef = 45CEA1DE2413C8E300930A72 /* SceneDelegate.swift */; };
		45CEA1E12415005E00930A72 /* SelectPlaylistView.swift in Sources */ = {isa = PBXBuildFile; fileRef = 45CEA1E02415005E00930A72 /* SelectPlaylistView.swift */; };
		45D392A520B1DDEC00EEF4E3 /* AppDelegate.swift in Sources */ = {isa = PBXBuildFile; fileRef = 45D392A420B1DDEC00EEF4E3 /* AppDelegate.swift */; };
		45D392AC20B1DDEC00EEF4E3 /* Main.storyboard in Resources */ = {isa = PBXBuildFile; fileRef = 45D392AA20B1DDEC00EEF4E3 /* Main.storyboard */; };
		45D392AE20B1DDEE00EEF4E3 /* Assets.xcassets in Resources */ = {isa = PBXBuildFile; fileRef = 45D392AD20B1DDEE00EEF4E3 /* Assets.xcassets */; };
		45D392B120B1DDEE00EEF4E3 /* LaunchScreen.storyboard in Resources */ = {isa = PBXBuildFile; fileRef = 45D392AF20B1DDEE00EEF4E3 /* LaunchScreen.storyboard */; };
		45D61F5120E1647300869814 /* RadioPresenter.swift in Sources */ = {isa = PBXBuildFile; fileRef = 45D61F4B20E1647300869814 /* RadioPresenter.swift */; };
		45D61F5320E1647300869814 /* RadioRouter.swift in Sources */ = {isa = PBXBuildFile; fileRef = 45D61F4D20E1647300869814 /* RadioRouter.swift */; };
		45D61F5420E1647300869814 /* RadioModels.swift in Sources */ = {isa = PBXBuildFile; fileRef = 45D61F4E20E1647300869814 /* RadioModels.swift */; };
		45D61F5520E1647300869814 /* RadioViewController.swift in Sources */ = {isa = PBXBuildFile; fileRef = 45D61F4F20E1647300869814 /* RadioViewController.swift */; };
		45D61F5620E1647300869814 /* RadioInteractor.swift in Sources */ = {isa = PBXBuildFile; fileRef = 45D61F5020E1647300869814 /* RadioInteractor.swift */; };
		45D61F5920E1695200869814 /* UIUtils.swift in Sources */ = {isa = PBXBuildFile; fileRef = 45D61F5820E1695100869814 /* UIUtils.swift */; };
		45D61F5B20E1780D00869814 /* Appearance.swift in Sources */ = {isa = PBXBuildFile; fileRef = 45D61F5A20E1780D00869814 /* Appearance.swift */; };
		735A273E264FDFAD004EAC0C /* Gzip in Frameworks */ = {isa = PBXBuildFile; productRef = 735A273D264FDFAD004EAC0C /* Gzip */; };
		735A2742264FDFDE004EAC0C /* SwiftyBeaver in Frameworks */ = {isa = PBXBuildFile; productRef = 735A2741264FDFDE004EAC0C /* SwiftyBeaver */; };
		735A2746264FE01D004EAC0C /* Alamofire in Frameworks */ = {isa = PBXBuildFile; productRef = 735A2745264FE01D004EAC0C /* Alamofire */; };
		73759FD228EB34DF00535F8E /* libopenmpt.xcframework in Frameworks */ = {isa = PBXBuildFile; fileRef = 73759FD128EB34DF00535F8E /* libopenmpt.xcframework */; };
		7397C1DE29091504002D5CDB /* UADEReplayer.m in Sources */ = {isa = PBXBuildFile; fileRef = 7397C1DC29091504002D5CDB /* UADEReplayer.m */; };
		7397C1E629091D9D002D5CDB /* uade_ios.xcframework in Frameworks */ = {isa = PBXBuildFile; fileRef = 7397C1E129091BC3002D5CDB /* uade_ios.xcframework */; };
		7397C1E729091D9D002D5CDB /* uade_ios.xcframework in Embed Frameworks */ = {isa = PBXBuildFile; fileRef = 7397C1E129091BC3002D5CDB /* uade_ios.xcframework */; settings = {ATTRIBUTES = (CodeSignOnCopy, RemoveHeadersOnCopy, ); }; };
		739B4BF42720850200C2D69F /* RadioSessionCell.swift in Sources */ = {isa = PBXBuildFile; fileRef = 739B4BF32720850200C2D69F /* RadioSessionCell.swift */; };
		73CE92E52AAF03D1000BFC1C /* PlaylistPresenter.swift in Sources */ = {isa = PBXBuildFile; fileRef = 73CE92E42AAF03D1000BFC1C /* PlaylistPresenter.swift */; };
		73E4FBF02ADC4D01009A985A /* RefreshLatestOperation.swift in Sources */ = {isa = PBXBuildFile; fileRef = 73E4FBEF2ADC4D01009A985A /* RefreshLatestOperation.swift */; };
		73F564CE2C6A866D000B34A3 /* Toast.swift in Sources */ = {isa = PBXBuildFile; fileRef = 73F564CD2C6A866D000B34A3 /* Toast.swift */; };
/* End PBXBuildFile section */

/* Begin PBXCopyFilesBuildPhase section */
		7397C1E829091D9D002D5CDB /* Embed Frameworks */ = {
			isa = PBXCopyFilesBuildPhase;
			buildActionMask = 2147483647;
			dstPath = "";
			dstSubfolderSpec = 10;
			files = (
				7397C1E729091D9D002D5CDB /* uade_ios.xcframework in Embed Frameworks */,
			);
			name = "Embed Frameworks";
			runOnlyForDeploymentPostprocessing = 0;
		};
/* End PBXCopyFilesBuildPhase section */

/* Begin PBXFileReference section */
		4509EA43226251EF0031408D /* ModuleInfo+CoreDataClass.swift */ = {isa = PBXFileReference; lastKnownFileType = sourcecode.swift; path = "ModuleInfo+CoreDataClass.swift"; sourceTree = "<group>"; };
		4509EA44226251EF0031408D /* ModuleInfo+CoreDataProperties.swift */ = {isa = PBXFileReference; lastKnownFileType = sourcecode.swift; path = "ModuleInfo+CoreDataProperties.swift"; sourceTree = "<group>"; };
		4509EA45226251EF0031408D /* Playlist+CoreDataClass.swift */ = {isa = PBXFileReference; lastKnownFileType = sourcecode.swift; path = "Playlist+CoreDataClass.swift"; sourceTree = "<group>"; };
		4509EA46226251EF0031408D /* Playlist+CoreDataProperties.swift */ = {isa = PBXFileReference; lastKnownFileType = sourcecode.swift; path = "Playlist+CoreDataProperties.swift"; sourceTree = "<group>"; };
		450E505E21879347008FB155 /* SettingsPresenter.swift */ = {isa = PBXFileReference; lastKnownFileType = sourcecode.swift; path = SettingsPresenter.swift; sourceTree = "<group>"; };
		450E506021879347008FB155 /* SettingsRouter.swift */ = {isa = PBXFileReference; lastKnownFileType = sourcecode.swift; path = SettingsRouter.swift; sourceTree = "<group>"; };
		450E506121879347008FB155 /* SettingsModels.swift */ = {isa = PBXFileReference; indentWidth = 2; lastKnownFileType = sourcecode.swift; path = SettingsModels.swift; sourceTree = "<group>"; tabWidth = 2; };
		450E506221879347008FB155 /* SettingsViewController.swift */ = {isa = PBXFileReference; indentWidth = 2; lastKnownFileType = sourcecode.swift; path = SettingsViewController.swift; sourceTree = "<group>"; tabWidth = 2; };
		450E506321879347008FB155 /* SettingsInteractor.swift */ = {isa = PBXFileReference; indentWidth = 2; lastKnownFileType = sourcecode.swift; path = SettingsInteractor.swift; sourceTree = "<group>"; tabWidth = 2; };
		450E506C2187A066008FB155 /* SettingsStereoCell.swift */ = {isa = PBXFileReference; lastKnownFileType = sourcecode.swift; path = SettingsStereoCell.swift; sourceTree = "<group>"; };
		451B6A9A2204B6CC001848FA /* LocalPresenter.swift */ = {isa = PBXFileReference; indentWidth = 2; lastKnownFileType = sourcecode.swift; path = LocalPresenter.swift; sourceTree = "<group>"; tabWidth = 2; };
		451B6A9C2204B6CC001848FA /* LocalRouter.swift */ = {isa = PBXFileReference; lastKnownFileType = sourcecode.swift; path = LocalRouter.swift; sourceTree = "<group>"; };
		451B6A9D2204B6CC001848FA /* LocalModels.swift */ = {isa = PBXFileReference; indentWidth = 2; lastKnownFileType = sourcecode.swift; path = LocalModels.swift; sourceTree = "<group>"; tabWidth = 2; };
		451B6A9E2204B6CC001848FA /* LocalViewController.swift */ = {isa = PBXFileReference; indentWidth = 2; lastKnownFileType = sourcecode.swift; path = LocalViewController.swift; sourceTree = "<group>"; tabWidth = 2; };
		451B6A9F2204B6CC001848FA /* LocalInteractor.swift */ = {isa = PBXFileReference; indentWidth = 2; lastKnownFileType = sourcecode.swift; path = LocalInteractor.swift; sourceTree = "<group>"; tabWidth = 2; };
		451B6AA62204BBBB001848FA /* ModuleStorage.swift */ = {isa = PBXFileReference; indentWidth = 2; lastKnownFileType = sourcecode.swift; path = ModuleStorage.swift; sourceTree = "<group>"; tabWidth = 2; };
		451ED0A5241E6AA6006CE4E8 /* SwiftUITest.swift */ = {isa = PBXFileReference; lastKnownFileType = sourcecode.swift; path = SwiftUITest.swift; sourceTree = "<group>"; };
		451ED0A9241E8A83006CE4E8 /* PlaylistRouter.swift */ = {isa = PBXFileReference; lastKnownFileType = sourcecode.swift; path = PlaylistRouter.swift; sourceTree = "<group>"; };
		451ED0AA241E8A83006CE4E8 /* PlaylistModels.swift */ = {isa = PBXFileReference; lastKnownFileType = sourcecode.swift; path = PlaylistModels.swift; sourceTree = "<group>"; };
		451ED0AB241E8A83006CE4E8 /* PlaylistStore.swift */ = {isa = PBXFileReference; indentWidth = 2; lastKnownFileType = sourcecode.swift; path = PlaylistStore.swift; sourceTree = "<group>"; tabWidth = 2; };
		451ED0AC241E8A83006CE4E8 /* PlaylistInteractor.swift */ = {isa = PBXFileReference; indentWidth = 2; lastKnownFileType = sourcecode.swift; path = PlaylistInteractor.swift; sourceTree = "<group>"; tabWidth = 2; };
		4535A45E2114BB2D005FBB8B /* SearchPresenter.swift */ = {isa = PBXFileReference; indentWidth = 2; lastKnownFileType = sourcecode.swift; path = SearchPresenter.swift; sourceTree = "<group>"; tabWidth = 2; };
		4535A4602114BB2D005FBB8B /* SearchRouter.swift */ = {isa = PBXFileReference; indentWidth = 2; lastKnownFileType = sourcecode.swift; path = SearchRouter.swift; sourceTree = "<group>"; tabWidth = 2; };
		4535A4612114BB2D005FBB8B /* SearchModels.swift */ = {isa = PBXFileReference; indentWidth = 2; lastKnownFileType = sourcecode.swift; path = SearchModels.swift; sourceTree = "<group>"; tabWidth = 2; };
		4535A4622114BB2D005FBB8B /* SearchViewController.swift */ = {isa = PBXFileReference; indentWidth = 2; lastKnownFileType = sourcecode.swift; path = SearchViewController.swift; sourceTree = "<group>"; tabWidth = 2; };
		4535A4632114BB2D005FBB8B /* SearchInteractor.swift */ = {isa = PBXFileReference; indentWidth = 2; lastKnownFileType = sourcecode.swift; path = SearchInteractor.swift; sourceTree = "<group>"; tabWidth = 2; };
		4535A46A2114C335005FBB8B /* ModuleCell.swift */ = {isa = PBXFileReference; indentWidth = 2; lastKnownFileType = sourcecode.swift; path = ModuleCell.swift; sourceTree = "<group>"; tabWidth = 2; };
		453D9BB2241BF286002EEBAB /* PlaylistSelectorPresenter.swift */ = {isa = PBXFileReference; lastKnownFileType = sourcecode.swift; path = PlaylistSelectorPresenter.swift; sourceTree = "<group>"; };
		453D9BB4241BF286002EEBAB /* PlaylistSelectorRouter.swift */ = {isa = PBXFileReference; lastKnownFileType = sourcecode.swift; path = PlaylistSelectorRouter.swift; sourceTree = "<group>"; };
		453D9BB5241BF286002EEBAB /* PlaylistSelectorModels.swift */ = {isa = PBXFileReference; lastKnownFileType = sourcecode.swift; path = PlaylistSelectorModels.swift; sourceTree = "<group>"; };
		453D9BB6241BF286002EEBAB /* PlaylistSelectorStore.swift */ = {isa = PBXFileReference; indentWidth = 2; lastKnownFileType = sourcecode.swift; path = PlaylistSelectorStore.swift; sourceTree = "<group>"; tabWidth = 2; };
		453D9BB7241BF286002EEBAB /* PlaylistSelectorInteractor.swift */ = {isa = PBXFileReference; indentWidth = 2; lastKnownFileType = sourcecode.swift; path = PlaylistSelectorInteractor.swift; sourceTree = "<group>"; tabWidth = 2; };
		453D9BBE241D24B7002EEBAB /* PlaylistPickerView.swift */ = {isa = PBXFileReference; lastKnownFileType = sourcecode.swift; path = PlaylistPickerView.swift; sourceTree = "<group>"; };
		4543982E20D0344F00991ADC /* AboutRouter.swift */ = {isa = PBXFileReference; fileEncoding = 4; lastKnownFileType = sourcecode.swift; path = AboutRouter.swift; sourceTree = "<group>"; };
		4543983020D0344F00991ADC /* AboutInteractor.swift */ = {isa = PBXFileReference; fileEncoding = 4; lastKnownFileType = sourcecode.swift; path = AboutInteractor.swift; sourceTree = "<group>"; };
		4543983120D0344F00991ADC /* AboutModels.swift */ = {isa = PBXFileReference; fileEncoding = 4; lastKnownFileType = sourcecode.swift; path = AboutModels.swift; sourceTree = "<group>"; };
		4543983220D0344F00991ADC /* AboutPresenter.swift */ = {isa = PBXFileReference; fileEncoding = 4; lastKnownFileType = sourcecode.swift; path = AboutPresenter.swift; sourceTree = "<group>"; };
		4543983320D0344F00991ADC /* AboutViewController.swift */ = {isa = PBXFileReference; fileEncoding = 4; lastKnownFileType = sourcecode.swift; path = AboutViewController.swift; sourceTree = "<group>"; };
		4543983C20D0366E00991ADC /* de */ = {isa = PBXFileReference; lastKnownFileType = text.plist.strings; name = de; path = de.lproj/Localizable.strings; sourceTree = "<group>"; };
		4543983E20D0366E00991ADC /* de */ = {isa = PBXFileReference; lastKnownFileType = text.plist.strings; name = de; path = de.lproj/InfoPlist.strings; sourceTree = "<group>"; };
		4543983F20D0366E00991ADC /* en */ = {isa = PBXFileReference; lastKnownFileType = text.plist.strings; name = en; path = en.lproj/Localizable.strings; sourceTree = "<group>"; };
		4543984020D0366E00991ADC /* en */ = {isa = PBXFileReference; lastKnownFileType = text.plist.strings; name = en; path = en.lproj/InfoPlist.strings; sourceTree = "<group>"; };
		4543984120D0366E00991ADC /* nb */ = {isa = PBXFileReference; lastKnownFileType = text.plist.strings; name = nb; path = nb.lproj/Localizable.strings; sourceTree = "<group>"; };
		4543984220D0366E00991ADC /* nb */ = {isa = PBXFileReference; lastKnownFileType = text.plist.strings; name = nb; path = nb.lproj/InfoPlist.strings; sourceTree = "<group>"; };
		4543984320D0366E00991ADC /* es */ = {isa = PBXFileReference; lastKnownFileType = text.plist.strings; name = es; path = es.lproj/Localizable.strings; sourceTree = "<group>"; };
		4543984420D0366E00991ADC /* es */ = {isa = PBXFileReference; lastKnownFileType = text.plist.strings; name = es; path = es.lproj/InfoPlist.strings; sourceTree = "<group>"; };
		4543984520D0366E00991ADC /* da */ = {isa = PBXFileReference; lastKnownFileType = text.plist.strings; name = da; path = da.lproj/Localizable.strings; sourceTree = "<group>"; };
		4543984620D0366E00991ADC /* da */ = {isa = PBXFileReference; lastKnownFileType = text.plist.strings; name = da; path = da.lproj/InfoPlist.strings; sourceTree = "<group>"; };
		4543984720D0366E00991ADC /* sv */ = {isa = PBXFileReference; lastKnownFileType = text.plist.strings; name = sv; path = sv.lproj/InfoPlist.strings; sourceTree = "<group>"; };
		4543984820D0366E00991ADC /* String+extension.swift */ = {isa = PBXFileReference; fileEncoding = 4; lastKnownFileType = sourcecode.swift; path = "String+extension.swift"; sourceTree = "<group>"; };
		4543984920D0366E00991ADC /* ru */ = {isa = PBXFileReference; lastKnownFileType = text.plist.strings; name = ru; path = ru.lproj/Localizable.strings; sourceTree = "<group>"; };
		4543984A20D0366E00991ADC /* ru */ = {isa = PBXFileReference; lastKnownFileType = text.plist.strings; name = ru; path = ru.lproj/InfoPlist.strings; sourceTree = "<group>"; };
		4543984B20D0366E00991ADC /* fi */ = {isa = PBXFileReference; lastKnownFileType = text.plist.strings; name = fi; path = fi.lproj/Localizable.strings; sourceTree = "<group>"; };
		4543984C20D0366E00991ADC /* fi */ = {isa = PBXFileReference; lastKnownFileType = text.plist.strings; name = fi; path = fi.lproj/InfoPlist.strings; sourceTree = "<group>"; };
		4543985020D03C1500991ADC /* AboutHeaderView.swift */ = {isa = PBXFileReference; fileEncoding = 4; lastKnownFileType = sourcecode.swift; path = AboutHeaderView.swift; sourceTree = "<group>"; };
		454612F2245DA50700C07D51 /* SettingsInterpolationCell.swift */ = {isa = PBXFileReference; lastKnownFileType = sourcecode.swift; path = SettingsInterpolationCell.swift; sourceTree = "<group>"; };
		454D1AD922035D87006ABA85 /* AmpCDModel 8 (preview).xcdatamodel */ = {isa = PBXFileReference; lastKnownFileType = wrapper.xcdatamodel; path = "AmpCDModel 8 (preview).xcdatamodel"; sourceTree = "<group>"; };
		454F5204215D20F3007011F3 /* ModuleFetcher.swift */ = {isa = PBXFileReference; indentWidth = 2; lastKnownFileType = sourcecode.swift; path = ModuleFetcher.swift; sourceTree = "<group>"; tabWidth = 2; };
		454F5206215D3FF1007011F3 /* ComposerCell.swift */ = {isa = PBXFileReference; lastKnownFileType = sourcecode.swift; path = ComposerCell.swift; sourceTree = "<group>"; };
		454F5208215D4587007011F3 /* GroupCell.swift */ = {isa = PBXFileReference; lastKnownFileType = sourcecode.swift; path = GroupCell.swift; sourceTree = "<group>"; };
		454F520B21610E94007011F3 /* ModuleCell.xib */ = {isa = PBXFileReference; lastKnownFileType = file.xib; path = ModuleCell.xib; sourceTree = "<group>"; };
		454F520D21610F70007011F3 /* GroupCell.xib */ = {isa = PBXFileReference; lastKnownFileType = file.xib; path = GroupCell.xib; sourceTree = "<group>"; };
		454F520F21610F83007011F3 /* ComposerCell.xib */ = {isa = PBXFileReference; lastKnownFileType = file.xib; path = ComposerCell.xib; sourceTree = "<group>"; };
		455CC0A52104A0E20094A5D3 /* SwiftyBeaver.framework */ = {isa = PBXFileReference; lastKnownFileType = wrapper.framework; name = SwiftyBeaver.framework; path = Carthage/Build/iOS/SwiftyBeaver.framework; sourceTree = "<group>"; };
		4569AC8A21628C70000EDFDC /* UISearchBar+ActivityIndicator.swift */ = {isa = PBXFileReference; lastKnownFileType = sourcecode.swift; path = "UISearchBar+ActivityIndicator.swift"; sourceTree = "<group>"; };
		456E6F2D240A5FAF0034BDA2 /* PlaylistView.swift */ = {isa = PBXFileReference; indentWidth = 2; lastKnownFileType = sourcecode.swift; path = PlaylistView.swift; sourceTree = "<group>"; tabWidth = 2; };
		45855FC624444C9B0079C767 /* ampplayer.entitlements */ = {isa = PBXFileReference; lastKnownFileType = text.plist.entitlements; path = ampplayer.entitlements; sourceTree = "<group>"; };
		45855FC8244467420079C767 /* DownloadView.swift */ = {isa = PBXFileReference; lastKnownFileType = sourcecode.swift; path = DownloadView.swift; sourceTree = "<group>"; };
		45855FCA244475050079C767 /* DownloadHostingController.swift */ = {isa = PBXFileReference; indentWidth = 2; lastKnownFileType = sourcecode.swift; path = DownloadHostingController.swift; sourceTree = "<group>"; tabWidth = 2; };
		45855FCC2444AC6B0079C767 /* ModuleSharing.swift */ = {isa = PBXFileReference; indentWidth = 2; lastKnownFileType = sourcecode.swift; path = ModuleSharing.swift; sourceTree = "<group>"; tabWidth = 2; };
		45A080E424327ED500AEA85F /* Entitlements.plist */ = {isa = PBXFileReference; lastKnownFileType = text.plist.xml; path = Entitlements.plist; sourceTree = "<group>"; };
		45AA7AEC2101BDB10096D7E7 /* ModulePlayer.swift */ = {isa = PBXFileReference; indentWidth = 2; lastKnownFileType = sourcecode.swift; path = ModulePlayer.swift; sourceTree = "<group>"; tabWidth = 2; };
		45AA90F420FF2F6600794147 /* RESTRoutes.swift */ = {isa = PBXFileReference; lastKnownFileType = sourcecode.swift; path = RESTRoutes.swift; sourceTree = "<group>"; };
		45AA90F720FF36C200794147 /* Replay.m */ = {isa = PBXFileReference; fileEncoding = 4; indentWidth = 2; lastKnownFileType = sourcecode.c.objc; path = Replay.m; sourceTree = "<group>"; tabWidth = 2; };
		45AA90F920FF36C200794147 /* hvl_replay.cpp */ = {isa = PBXFileReference; fileEncoding = 4; lastKnownFileType = sourcecode.cpp.cpp; path = hvl_replay.cpp; sourceTree = "<group>"; };
		45AA90FA20FF36C200794147 /* LICENSE */ = {isa = PBXFileReference; fileEncoding = 4; lastKnownFileType = text; path = LICENSE; sourceTree = "<group>"; };
		45AA90FB20FF36C200794147 /* HVLReplayer.mm */ = {isa = PBXFileReference; fileEncoding = 4; lastKnownFileType = sourcecode.cpp.objcpp; path = HVLReplayer.mm; sourceTree = "<group>"; };
		45AA90FC20FF36C200794147 /* hvl_replay.h */ = {isa = PBXFileReference; fileEncoding = 4; lastKnownFileType = sourcecode.c.h; path = hvl_replay.h; sourceTree = "<group>"; };
		45AA90FD20FF36C200794147 /* HVLReplayer.h */ = {isa = PBXFileReference; fileEncoding = 4; lastKnownFileType = sourcecode.c.h; path = HVLReplayer.h; sourceTree = "<group>"; };
		45AA90FE20FF36C200794147 /* Replay.h */ = {isa = PBXFileReference; fileEncoding = 4; lastKnownFileType = sourcecode.c.h; path = Replay.h; sourceTree = "<group>"; };
		45AA910020FF36C200794147 /* MPTReplayer.h */ = {isa = PBXFileReference; fileEncoding = 4; lastKnownFileType = sourcecode.c.h; path = MPTReplayer.h; sourceTree = "<group>"; };
		45AA910120FF36C200794147 /* MPTReplayer.m */ = {isa = PBXFileReference; fileEncoding = 4; lastKnownFileType = sourcecode.c.objc; path = MPTReplayer.m; sourceTree = "<group>"; };
		45AA910B20FF3A3B00794147 /* 4champ-bridging-header.h */ = {isa = PBXFileReference; lastKnownFileType = sourcecode.c.h; name = "4champ-bridging-header.h"; path = "4champ/4champ-bridging-header.h"; sourceTree = SOURCE_ROOT; };
		45AA910D20FF5E8A00794147 /* Structs.swift */ = {isa = PBXFileReference; indentWidth = 2; lastKnownFileType = sourcecode.swift; path = Structs.swift; sourceTree = "<group>"; tabWidth = 2; };
		45AA910F2100C48500794147 /* MainViewController.swift */ = {isa = PBXFileReference; indentWidth = 2; lastKnownFileType = sourcecode.swift; path = MainViewController.swift; sourceTree = "<group>"; tabWidth = 2; };
		45AA91112100D13300794147 /* NowPlayingView.swift */ = {isa = PBXFileReference; indentWidth = 2; lastKnownFileType = sourcecode.swift; name = NowPlayingView.swift; path = 4champ/Scenes/NowPlayingView.swift; sourceTree = SOURCE_ROOT; tabWidth = 2; };
		45AA91142100ECE600794147 /* VisualizerViewController.swift */ = {isa = PBXFileReference; fileEncoding = 4; indentWidth = 2; lastKnownFileType = sourcecode.swift; path = VisualizerViewController.swift; sourceTree = "<group>"; tabWidth = 2; };
		45AA91182100EF1900794147 /* AmpSlider.swift */ = {isa = PBXFileReference; fileEncoding = 4; lastKnownFileType = sourcecode.swift; path = AmpSlider.swift; sourceTree = "<group>"; };
		45AA91192100EF1900794147 /* AmpVizScene.swift */ = {isa = PBXFileReference; fileEncoding = 4; lastKnownFileType = sourcecode.swift; path = AmpVizScene.swift; sourceTree = "<group>"; };
		45B5FC25255D997000282550 /* ReviewActions.swift */ = {isa = PBXFileReference; lastKnownFileType = sourcecode.swift; path = ReviewActions.swift; sourceTree = "<group>"; };
		45CEA1DE2413C8E300930A72 /* SceneDelegate.swift */ = {isa = PBXFileReference; lastKnownFileType = sourcecode.swift; path = SceneDelegate.swift; sourceTree = "<group>"; };
		45CEA1E02415005E00930A72 /* SelectPlaylistView.swift */ = {isa = PBXFileReference; lastKnownFileType = sourcecode.swift; path = SelectPlaylistView.swift; sourceTree = "<group>"; };
		45D392A120B1DDEC00EEF4E3 /* ampplayer.app */ = {isa = PBXFileReference; explicitFileType = wrapper.application; includeInIndex = 0; path = ampplayer.app; sourceTree = BUILT_PRODUCTS_DIR; };
		45D392A420B1DDEC00EEF4E3 /* AppDelegate.swift */ = {isa = PBXFileReference; indentWidth = 2; lastKnownFileType = sourcecode.swift; path = AppDelegate.swift; sourceTree = "<group>"; tabWidth = 2; };
		45D392AB20B1DDEC00EEF4E3 /* Base */ = {isa = PBXFileReference; lastKnownFileType = file.storyboard; name = Base; path = Base.lproj/Main.storyboard; sourceTree = "<group>"; };
		45D392AD20B1DDEE00EEF4E3 /* Assets.xcassets */ = {isa = PBXFileReference; lastKnownFileType = folder.assetcatalog; path = Assets.xcassets; sourceTree = "<group>"; };
		45D392B020B1DDEE00EEF4E3 /* Base */ = {isa = PBXFileReference; lastKnownFileType = file.storyboard; name = Base; path = Base.lproj/LaunchScreen.storyboard; sourceTree = "<group>"; };
		45D392B220B1DDEE00EEF4E3 /* Info.plist */ = {isa = PBXFileReference; lastKnownFileType = text.plist.xml; path = Info.plist; sourceTree = "<group>"; };
		45D61F4B20E1647300869814 /* RadioPresenter.swift */ = {isa = PBXFileReference; indentWidth = 2; lastKnownFileType = sourcecode.swift; path = RadioPresenter.swift; sourceTree = "<group>"; tabWidth = 2; };
		45D61F4D20E1647300869814 /* RadioRouter.swift */ = {isa = PBXFileReference; lastKnownFileType = sourcecode.swift; path = RadioRouter.swift; sourceTree = "<group>"; };
		45D61F4E20E1647300869814 /* RadioModels.swift */ = {isa = PBXFileReference; indentWidth = 2; lastKnownFileType = sourcecode.swift; path = RadioModels.swift; sourceTree = "<group>"; tabWidth = 2; };
		45D61F4F20E1647300869814 /* RadioViewController.swift */ = {isa = PBXFileReference; indentWidth = 2; lastKnownFileType = sourcecode.swift; path = RadioViewController.swift; sourceTree = "<group>"; tabWidth = 2; };
		45D61F5020E1647300869814 /* RadioInteractor.swift */ = {isa = PBXFileReference; indentWidth = 2; lastKnownFileType = sourcecode.swift; path = RadioInteractor.swift; sourceTree = "<group>"; tabWidth = 2; };
		45D61F5820E1695100869814 /* UIUtils.swift */ = {isa = PBXFileReference; fileEncoding = 4; lastKnownFileType = sourcecode.swift; path = UIUtils.swift; sourceTree = "<group>"; };
		45D61F5A20E1780D00869814 /* Appearance.swift */ = {isa = PBXFileReference; lastKnownFileType = sourcecode.swift; path = Appearance.swift; sourceTree = "<group>"; };
		45D61F5C20E17D8F00869814 /* Alamofire.framework */ = {isa = PBXFileReference; lastKnownFileType = wrapper.framework; name = Alamofire.framework; path = Carthage/Build/iOS/Alamofire.framework; sourceTree = "<group>"; };
		45D61F6220E1863600869814 /* Gzip.framework */ = {isa = PBXFileReference; lastKnownFileType = wrapper.framework; name = Gzip.framework; path = Carthage/Build/iOS/Gzip.framework; sourceTree = "<group>"; };
		735A274D264FE9EA004EAC0C /* AmpCDModel 9 (imports).xcdatamodel */ = {isa = PBXFileReference; lastKnownFileType = wrapper.xcdatamodel; path = "AmpCDModel 9 (imports).xcdatamodel"; sourceTree = "<group>"; };
		7364535E2B6C1F9E009A0F7A /* pt-BR */ = {isa = PBXFileReference; lastKnownFileType = text.plist.strings; name = "pt-BR"; path = "pt-BR.lproj/Localizable.strings"; sourceTree = "<group>"; };
		7364535F2B6C1F9E009A0F7A /* pt-BR */ = {isa = PBXFileReference; lastKnownFileType = text.plist.strings; name = "pt-BR"; path = "pt-BR.lproj/InfoPlist.strings"; sourceTree = "<group>"; };
		73759FD128EB34DF00535F8E /* libopenmpt.xcframework */ = {isa = PBXFileReference; lastKnownFileType = wrapper.xcframework; name = libopenmpt.xcframework; path = ../openmpt/libopenmpt.xcframework; sourceTree = "<group>"; };
		7397C1DA29091504002D5CDB /* UADEReplayer.h */ = {isa = PBXFileReference; fileEncoding = 4; lastKnownFileType = sourcecode.c.h; path = UADEReplayer.h; sourceTree = "<group>"; };
		7397C1DC29091504002D5CDB /* UADEReplayer.m */ = {isa = PBXFileReference; fileEncoding = 4; lastKnownFileType = sourcecode.c.objc; path = UADEReplayer.m; sourceTree = "<group>"; };
		7397C1E129091BC3002D5CDB /* uade_ios.xcframework */ = {isa = PBXFileReference; lastKnownFileType = wrapper.xcframework; name = uade_ios.xcframework; path = "../uade-ios/uade_ios.xcframework"; sourceTree = "<group>"; };
		739B4BF32720850200C2D69F /* RadioSessionCell.swift */ = {isa = PBXFileReference; lastKnownFileType = sourcecode.swift; path = RadioSessionCell.swift; sourceTree = "<group>"; };
		73CE92E42AAF03D1000BFC1C /* PlaylistPresenter.swift */ = {isa = PBXFileReference; fileEncoding = 4; lastKnownFileType = sourcecode.swift; path = PlaylistPresenter.swift; sourceTree = "<group>"; };
		73E4FBEF2ADC4D01009A985A /* RefreshLatestOperation.swift */ = {isa = PBXFileReference; lastKnownFileType = sourcecode.swift; path = RefreshLatestOperation.swift; sourceTree = "<group>"; };
		73F564CD2C6A866D000B34A3 /* Toast.swift */ = {isa = PBXFileReference; lastKnownFileType = sourcecode.swift; path = Toast.swift; sourceTree = "<group>"; };
/* End PBXFileReference section */

/* Begin PBXFrameworksBuildPhase section */
		45D3929E20B1DDEC00EEF4E3 /* Frameworks */ = {
			isa = PBXFrameworksBuildPhase;
			buildActionMask = 2147483647;
			files = (
				7397C1E629091D9D002D5CDB /* uade_ios.xcframework in Frameworks */,
				73759FD228EB34DF00535F8E /* libopenmpt.xcframework in Frameworks */,
				735A2746264FE01D004EAC0C /* Alamofire in Frameworks */,
				735A273E264FDFAD004EAC0C /* Gzip in Frameworks */,
				735A2742264FDFDE004EAC0C /* SwiftyBeaver in Frameworks */,
			);
			runOnlyForDeploymentPostprocessing = 0;
		};
/* End PBXFrameworksBuildPhase section */

/* Begin PBXGroup section */
		450E505D2187932F008FB155 /* Settings */ = {
			isa = PBXGroup;
			children = (
				450E505E21879347008FB155 /* SettingsPresenter.swift */,
				450E506021879347008FB155 /* SettingsRouter.swift */,
				450E506121879347008FB155 /* SettingsModels.swift */,
				450E506221879347008FB155 /* SettingsViewController.swift */,
				450E506321879347008FB155 /* SettingsInteractor.swift */,
				450E506C2187A066008FB155 /* SettingsStereoCell.swift */,
				454612F2245DA50700C07D51 /* SettingsInterpolationCell.swift */,
			);
			path = Settings;
			sourceTree = "<group>";
		};
		451B6A992204B506001848FA /* Local */ = {
			isa = PBXGroup;
			children = (
				451B6A9A2204B6CC001848FA /* LocalPresenter.swift */,
				451B6A9C2204B6CC001848FA /* LocalRouter.swift */,
				451B6A9D2204B6CC001848FA /* LocalModels.swift */,
				451B6A9E2204B6CC001848FA /* LocalViewController.swift */,
				451B6A9F2204B6CC001848FA /* LocalInteractor.swift */,
				451B6AA62204BBBB001848FA /* ModuleStorage.swift */,
			);
			path = Local;
			sourceTree = "<group>";
		};
		451ED0A4241E6A92006CE4E8 /* SwiftUITest */ = {
			isa = PBXGroup;
			children = (
				451ED0A5241E6AA6006CE4E8 /* SwiftUITest.swift */,
			);
			path = SwiftUITest;
			sourceTree = "<group>";
		};
		4535A45D2114BB0A005FBB8B /* Search */ = {
			isa = PBXGroup;
			children = (
				4535A45E2114BB2D005FBB8B /* SearchPresenter.swift */,
				4535A4602114BB2D005FBB8B /* SearchRouter.swift */,
				4535A4612114BB2D005FBB8B /* SearchModels.swift */,
				4535A4622114BB2D005FBB8B /* SearchViewController.swift */,
				4535A4632114BB2D005FBB8B /* SearchInteractor.swift */,
				4569AC8A21628C70000EDFDC /* UISearchBar+ActivityIndicator.swift */,
			);
			path = Search;
			sourceTree = "<group>";
		};
		453D9BB1241BF1FD002EEBAB /* PlaylistSelector */ = {
			isa = PBXGroup;
			children = (
				453D9BB2241BF286002EEBAB /* PlaylistSelectorPresenter.swift */,
				453D9BB4241BF286002EEBAB /* PlaylistSelectorRouter.swift */,
				453D9BB5241BF286002EEBAB /* PlaylistSelectorModels.swift */,
				453D9BB6241BF286002EEBAB /* PlaylistSelectorStore.swift */,
				453D9BB7241BF286002EEBAB /* PlaylistSelectorInteractor.swift */,
				453D9BBE241D24B7002EEBAB /* PlaylistPickerView.swift */,
			);
			path = PlaylistSelector;
			sourceTree = "<group>";
		};
		4543982C20D0344F00991ADC /* Scenes */ = {
			isa = PBXGroup;
			children = (
				45855FC7244466580079C767 /* DownloadView */,
				451ED0A4241E6A92006CE4E8 /* SwiftUITest */,
				453D9BB1241BF1FD002EEBAB /* PlaylistSelector */,
				456E6F2A2409BC2C0034BDA2 /* Playlists */,
				451B6A992204B506001848FA /* Local */,
				450E505D2187932F008FB155 /* Settings */,
				4569AC8E21654AC6000EDFDC /* SharedUI */,
				4535A45D2114BB0A005FBB8B /* Search */,
				45AA91132100ECE600794147 /* Visualizer */,
				45D61F4A20E1644100869814 /* Radio */,
				4543982D20D0344F00991ADC /* About */,
				45AA910F2100C48500794147 /* MainViewController.swift */,
				45AA91112100D13300794147 /* NowPlayingView.swift */,
			);
			path = Scenes;
			sourceTree = "<group>";
		};
		4543982D20D0344F00991ADC /* About */ = {
			isa = PBXGroup;
			children = (
				4543985020D03C1500991ADC /* AboutHeaderView.swift */,
				4543982E20D0344F00991ADC /* AboutRouter.swift */,
				4543983020D0344F00991ADC /* AboutInteractor.swift */,
				4543983120D0344F00991ADC /* AboutModels.swift */,
				4543983220D0344F00991ADC /* AboutPresenter.swift */,
				4543983320D0344F00991ADC /* AboutViewController.swift */,
			);
			path = About;
			sourceTree = "<group>";
		};
		4543983A20D0366E00991ADC /* l13n */ = {
			isa = PBXGroup;
			children = (
				4543983B20D0366E00991ADC /* Localizable.strings */,
				4543983D20D0366E00991ADC /* InfoPlist.strings */,
				4543984820D0366E00991ADC /* String+extension.swift */,
			);
			path = l13n;
			sourceTree = "<group>";
		};
		4569AC8E21654AC6000EDFDC /* SharedUI */ = {
			isa = PBXGroup;
			children = (
				4535A46A2114C335005FBB8B /* ModuleCell.swift */,
				454F5206215D3FF1007011F3 /* ComposerCell.swift */,
				454F5208215D4587007011F3 /* GroupCell.swift */,
				454F520B21610E94007011F3 /* ModuleCell.xib */,
				454F520D21610F70007011F3 /* GroupCell.xib */,
				454F520F21610F83007011F3 /* ComposerCell.xib */,
			);
			path = SharedUI;
			sourceTree = "<group>";
		};
		456E6F2A2409BC2C0034BDA2 /* Playlists */ = {
			isa = PBXGroup;
			children = (
				73CE92E42AAF03D1000BFC1C /* PlaylistPresenter.swift */,
				456E6F2D240A5FAF0034BDA2 /* PlaylistView.swift */,
				45CEA1E02415005E00930A72 /* SelectPlaylistView.swift */,
				451ED0A9241E8A83006CE4E8 /* PlaylistRouter.swift */,
				451ED0AA241E8A83006CE4E8 /* PlaylistModels.swift */,
				451ED0AB241E8A83006CE4E8 /* PlaylistStore.swift */,
				451ED0AC241E8A83006CE4E8 /* PlaylistInteractor.swift */,
			);
			path = Playlists;
			sourceTree = "<group>";
		};
		45855FC7244466580079C767 /* DownloadView */ = {
			isa = PBXGroup;
			children = (
				45855FC8244467420079C767 /* DownloadView.swift */,
				45855FCA244475050079C767 /* DownloadHostingController.swift */,
			);
			path = DownloadView;
			sourceTree = "<group>";
		};
		45AA90F320FF2F4200794147 /* Networking */ = {
			isa = PBXGroup;
			children = (
				45AA90F420FF2F6600794147 /* RESTRoutes.swift */,
				454F5204215D20F3007011F3 /* ModuleFetcher.swift */,
			);
			path = Networking;
			sourceTree = "<group>";
		};
		45AA90F620FF36C200794147 /* Replay */ = {
			isa = PBXGroup;
			children = (
				45AA7AEC2101BDB10096D7E7 /* ModulePlayer.swift */,
				45AA90F720FF36C200794147 /* Replay.m */,
				45AA90FE20FF36C200794147 /* Replay.h */,
				45AA90F820FF36C200794147 /* Hively */,
				45AA90FF20FF36C200794147 /* OpenMPT */,
				7397C1D929091504002D5CDB /* UADE */,
			);
			path = Replay;
			sourceTree = "<group>";
		};
		45AA90F820FF36C200794147 /* Hively */ = {
			isa = PBXGroup;
			children = (
				45AA90F920FF36C200794147 /* hvl_replay.cpp */,
				45AA90FA20FF36C200794147 /* LICENSE */,
				45AA90FB20FF36C200794147 /* HVLReplayer.mm */,
				45AA90FC20FF36C200794147 /* hvl_replay.h */,
				45AA90FD20FF36C200794147 /* HVLReplayer.h */,
			);
			path = Hively;
			sourceTree = "<group>";
		};
		45AA90FF20FF36C200794147 /* OpenMPT */ = {
			isa = PBXGroup;
			children = (
				45AA910020FF36C200794147 /* MPTReplayer.h */,
				45AA910120FF36C200794147 /* MPTReplayer.m */,
			);
			path = OpenMPT;
			sourceTree = "<group>";
		};
		45AA910C20FF5E6300794147 /* Data */ = {
			isa = PBXGroup;
			children = (
				4509EA43226251EF0031408D /* ModuleInfo+CoreDataClass.swift */,
				4509EA44226251EF0031408D /* ModuleInfo+CoreDataProperties.swift */,
				4509EA45226251EF0031408D /* Playlist+CoreDataClass.swift */,
				4509EA46226251EF0031408D /* Playlist+CoreDataProperties.swift */,
				454D1AD822035D87006ABA85 /* AmpCDModel.xcdatamodeld */,
				45AA910D20FF5E8A00794147 /* Structs.swift */,
			);
			path = Data;
			sourceTree = "<group>";
		};
		45AA91132100ECE600794147 /* Visualizer */ = {
			isa = PBXGroup;
			children = (
				45AA91182100EF1900794147 /* AmpSlider.swift */,
				45AA91192100EF1900794147 /* AmpVizScene.swift */,
				45AA91142100ECE600794147 /* VisualizerViewController.swift */,
			);
			path = Visualizer;
			sourceTree = "<group>";
		};
		45D3929820B1DDEC00EEF4E3 = {
			isa = PBXGroup;
			children = (
				45855FC624444C9B0079C767 /* ampplayer.entitlements */,
				45D61F5E20E17D9600869814 /* Frameworks */,
				45D392A320B1DDEC00EEF4E3 /* 4champ */,
				45D392A220B1DDEC00EEF4E3 /* Products */,
			);
			sourceTree = "<group>";
		};
		45D392A220B1DDEC00EEF4E3 /* Products */ = {
			isa = PBXGroup;
			children = (
				45D392A120B1DDEC00EEF4E3 /* ampplayer.app */,
			);
			name = Products;
			sourceTree = "<group>";
		};
		45D392A320B1DDEC00EEF4E3 /* 4champ */ = {
			isa = PBXGroup;
			children = (
				73F564CC2C6A863A000B34A3 /* Components */,
				45AA910C20FF5E6300794147 /* Data */,
				45AA910B20FF3A3B00794147 /* 4champ-bridging-header.h */,
				45AA90F620FF36C200794147 /* Replay */,
				45AA90F320FF2F4200794147 /* Networking */,
				45D61F5720E1695100869814 /* Utils */,
				4543983A20D0366E00991ADC /* l13n */,
				4543982C20D0344F00991ADC /* Scenes */,
				45D392A420B1DDEC00EEF4E3 /* AppDelegate.swift */,
				45D392AA20B1DDEC00EEF4E3 /* Main.storyboard */,
				45D392AD20B1DDEE00EEF4E3 /* Assets.xcassets */,
				45D392AF20B1DDEE00EEF4E3 /* LaunchScreen.storyboard */,
				45D392B220B1DDEE00EEF4E3 /* Info.plist */,
				45CEA1DE2413C8E300930A72 /* SceneDelegate.swift */,
				45A080E424327ED500AEA85F /* Entitlements.plist */,
			);
			path = 4champ;
			sourceTree = "<group>";
		};
		45D61F4A20E1644100869814 /* Radio */ = {
			isa = PBXGroup;
			children = (
				45D61F4B20E1647300869814 /* RadioPresenter.swift */,
				45D61F4D20E1647300869814 /* RadioRouter.swift */,
				45D61F4E20E1647300869814 /* RadioModels.swift */,
				45D61F4F20E1647300869814 /* RadioViewController.swift */,
				45D61F5020E1647300869814 /* RadioInteractor.swift */,
				739B4BF32720850200C2D69F /* RadioSessionCell.swift */,
			);
			path = Radio;
			sourceTree = "<group>";
		};
		45D61F5720E1695100869814 /* Utils */ = {
			isa = PBXGroup;
			children = (
				45D61F5820E1695100869814 /* UIUtils.swift */,
				45D61F5A20E1780D00869814 /* Appearance.swift */,
				45855FCC2444AC6B0079C767 /* ModuleSharing.swift */,
				45B5FC25255D997000282550 /* ReviewActions.swift */,
				73E4FBEF2ADC4D01009A985A /* RefreshLatestOperation.swift */,
			);
			path = Utils;
			sourceTree = "<group>";
		};
		45D61F5E20E17D9600869814 /* Frameworks */ = {
			isa = PBXGroup;
			children = (
				7397C1E129091BC3002D5CDB /* uade_ios.xcframework */,
				73759FD128EB34DF00535F8E /* libopenmpt.xcframework */,
				455CC0A52104A0E20094A5D3 /* SwiftyBeaver.framework */,
				45D61F6220E1863600869814 /* Gzip.framework */,
				45D61F5C20E17D8F00869814 /* Alamofire.framework */,
			);
			name = Frameworks;
			sourceTree = "<group>";
		};
		7397C1D929091504002D5CDB /* UADE */ = {
			isa = PBXGroup;
			children = (
				7397C1DA29091504002D5CDB /* UADEReplayer.h */,
				7397C1DC29091504002D5CDB /* UADEReplayer.m */,
			);
			path = UADE;
			sourceTree = "<group>";
		};
		73F564CC2C6A863A000B34A3 /* Components */ = {
			isa = PBXGroup;
			children = (
				73F564CD2C6A866D000B34A3 /* Toast.swift */,
			);
			path = Components;
			sourceTree = "<group>";
		};
/* End PBXGroup section */

/* Begin PBXNativeTarget section */
		45D392A020B1DDEC00EEF4E3 /* ampplayer */ = {
			isa = PBXNativeTarget;
			buildConfigurationList = 45D392B520B1DDEE00EEF4E3 /* Build configuration list for PBXNativeTarget "ampplayer" */;
			buildPhases = (
				73CD16E12AD16C3400987AD6 /* ShellScript */,
				45D3929D20B1DDEC00EEF4E3 /* Sources */,
				45D3929E20B1DDEC00EEF4E3 /* Frameworks */,
				45D3929F20B1DDEC00EEF4E3 /* Resources */,
				7397C1E829091D9D002D5CDB /* Embed Frameworks */,
			);
			buildRules = (
			);
			dependencies = (
			);
			name = ampplayer;
			packageProductDependencies = (
				735A273D264FDFAD004EAC0C /* Gzip */,
				735A2741264FDFDE004EAC0C /* SwiftyBeaver */,
				735A2745264FE01D004EAC0C /* Alamofire */,
			);
			productName = ampplayer;
			productReference = 45D392A120B1DDEC00EEF4E3 /* ampplayer.app */;
			productType = "com.apple.product-type.application";
		};
/* End PBXNativeTarget section */

/* Begin PBXProject section */
		45D3929920B1DDEC00EEF4E3 /* Project object */ = {
			isa = PBXProject;
			attributes = {
				LastSwiftUpdateCheck = 0930;
				LastUpgradeCheck = 1200;
				ORGANIZATIONNAME = boogie;
				TargetAttributes = {
					45D392A020B1DDEC00EEF4E3 = {
						CreatedOnToolsVersion = 9.3;
						LastSwiftMigration = 1020;
						SystemCapabilities = {
							com.apple.BackgroundModes = {
								enabled = 1;
							};
						};
					};
				};
			};
			buildConfigurationList = 45D3929C20B1DDEC00EEF4E3 /* Build configuration list for PBXProject "4champ" */;
			compatibilityVersion = "Xcode 9.3";
			developmentRegion = en;
			hasScannedForEncodings = 0;
			knownRegions = (
				en,
				Base,
				de,
				nb,
				es,
				da,
				sv,
				ru,
				fi,
				"pt-BR",
			);
			mainGroup = 45D3929820B1DDEC00EEF4E3;
			packageReferences = (
				735A273C264FDFAD004EAC0C /* XCRemoteSwiftPackageReference "GzipSwift" */,
				735A2740264FDFDE004EAC0C /* XCRemoteSwiftPackageReference "SwiftyBeaver" */,
				735A2744264FE01D004EAC0C /* XCRemoteSwiftPackageReference "Alamofire" */,
			);
			productRefGroup = 45D392A220B1DDEC00EEF4E3 /* Products */;
			projectDirPath = "";
			projectRoot = "";
			targets = (
				45D392A020B1DDEC00EEF4E3 /* ampplayer */,
			);
		};
/* End PBXProject section */

/* Begin PBXResourcesBuildPhase section */
		45D3929F20B1DDEC00EEF4E3 /* Resources */ = {
			isa = PBXResourcesBuildPhase;
			buildActionMask = 2147483647;
			files = (
				45D392B120B1DDEE00EEF4E3 /* LaunchScreen.storyboard in Resources */,
				454F520C21610E94007011F3 /* ModuleCell.xib in Resources */,
				454F520E21610F70007011F3 /* GroupCell.xib in Resources */,
				4543984D20D0366E00991ADC /* Localizable.strings in Resources */,
				45D392AE20B1DDEE00EEF4E3 /* Assets.xcassets in Resources */,
				454F521021610F83007011F3 /* ComposerCell.xib in Resources */,
				45D392AC20B1DDEC00EEF4E3 /* Main.storyboard in Resources */,
				4543984E20D0366E00991ADC /* InfoPlist.strings in Resources */,
			);
			runOnlyForDeploymentPostprocessing = 0;
		};
/* End PBXResourcesBuildPhase section */

/* Begin PBXShellScriptBuildPhase section */
		73CD16E12AD16C3400987AD6 /* ShellScript */ = {
			isa = PBXShellScriptBuildPhase;
			alwaysOutOfDate = 1;
			buildActionMask = 2147483647;
			files = (
			);
			inputFileListPaths = (
			);
			inputPaths = (
			);
			outputFileListPaths = (
			);
			outputPaths = (
			);
			runOnlyForDeploymentPostprocessing = 0;
			shellPath = /bin/sh;
			shellScript = "export PATH=\"$PATH:/opt/homebrew/bin\"\n\nif which swiftlint; then\n    swiftlint —-fix --format\n    swiftlint\nelse\n  echo \"warning: SwiftLint not installed, download from https://github.com/realm/SwiftLint\"\nfi\n";
		};
/* End PBXShellScriptBuildPhase section */

/* Begin PBXSourcesBuildPhase section */
		45D3929D20B1DDEC00EEF4E3 /* Sources */ = {
			isa = PBXSourcesBuildPhase;
			buildActionMask = 2147483647;
			files = (
				4543984F20D0366E00991ADC /* String+extension.swift in Sources */,
				45AA91162100ECE600794147 /* VisualizerViewController.swift in Sources */,
				45855FCB244475050079C767 /* DownloadHostingController.swift in Sources */,
				45CEA1E12415005E00930A72 /* SelectPlaylistView.swift in Sources */,
				45AA91102100C48500794147 /* MainViewController.swift in Sources */,
				45855FC9244467420079C767 /* DownloadView.swift in Sources */,
				4535A4672114BB2D005FBB8B /* SearchModels.swift in Sources */,
				451ED0B0241E8A83006CE4E8 /* PlaylistModels.swift in Sources */,
				4543983820D0344F00991ADC /* AboutPresenter.swift in Sources */,
				45AA910E20FF5E8A00794147 /* Structs.swift in Sources */,
				450E506721879347008FB155 /* SettingsModels.swift in Sources */,
				45D61F5120E1647300869814 /* RadioPresenter.swift in Sources */,
				453D9BBC241BF286002EEBAB /* PlaylistSelectorStore.swift in Sources */,
				73F564CE2C6A866D000B34A3 /* Toast.swift in Sources */,
				4535A4662114BB2D005FBB8B /* SearchRouter.swift in Sources */,
				4535A4642114BB2D005FBB8B /* SearchPresenter.swift in Sources */,
				45855FCD2444AC6B0079C767 /* ModuleSharing.swift in Sources */,
				450E506621879347008FB155 /* SettingsRouter.swift in Sources */,
				4509EA48226251EF0031408D /* ModuleInfo+CoreDataProperties.swift in Sources */,
				451B6AA42204B6CC001848FA /* LocalViewController.swift in Sources */,
				454F5205215D20F3007011F3 /* ModuleFetcher.swift in Sources */,
				73CE92E52AAF03D1000BFC1C /* PlaylistPresenter.swift in Sources */,
				451ED0B2241E8A83006CE4E8 /* PlaylistInteractor.swift in Sources */,
				45D61F5320E1647300869814 /* RadioRouter.swift in Sources */,
				453D9BBA241BF286002EEBAB /* PlaylistSelectorRouter.swift in Sources */,
				7397C1DE29091504002D5CDB /* UADEReplayer.m in Sources */,
				453D9BBD241BF286002EEBAB /* PlaylistSelectorInteractor.swift in Sources */,
				45CEA1DF2413C8E300930A72 /* SceneDelegate.swift in Sources */,
				4535A4682114BB2D005FBB8B /* SearchViewController.swift in Sources */,
				4509EA47226251EF0031408D /* ModuleInfo+CoreDataClass.swift in Sources */,
				450E506D2187A066008FB155 /* SettingsStereoCell.swift in Sources */,
				45D61F5B20E1780D00869814 /* Appearance.swift in Sources */,
				4543983720D0344F00991ADC /* AboutModels.swift in Sources */,
				4535A46B2114C335005FBB8B /* ModuleCell.swift in Sources */,
				4543983420D0344F00991ADC /* AboutRouter.swift in Sources */,
				4543983920D0344F00991ADC /* AboutViewController.swift in Sources */,
				453D9BBB241BF286002EEBAB /* PlaylistSelectorModels.swift in Sources */,
				45D61F5520E1647300869814 /* RadioViewController.swift in Sources */,
				454D1ADA22035D87006ABA85 /* AmpCDModel.xcdatamodeld in Sources */,
				45D61F5420E1647300869814 /* RadioModels.swift in Sources */,
				45AA90F520FF2F6600794147 /* RESTRoutes.swift in Sources */,
				450E506821879347008FB155 /* SettingsViewController.swift in Sources */,
				4535A4692114BB2D005FBB8B /* SearchInteractor.swift in Sources */,
				4509EA4A226251EF0031408D /* Playlist+CoreDataProperties.swift in Sources */,
				45AA910220FF36C200794147 /* Replay.m in Sources */,
				45AA911A2100EF1900794147 /* AmpSlider.swift in Sources */,
				451B6AA02204B6CC001848FA /* LocalPresenter.swift in Sources */,
				453D9BB8241BF286002EEBAB /* PlaylistSelectorPresenter.swift in Sources */,
				45AA910320FF36C200794147 /* hvl_replay.cpp in Sources */,
				451ED0AF241E8A83006CE4E8 /* PlaylistRouter.swift in Sources */,
				45B5FC26255D997000282550 /* ReviewActions.swift in Sources */,
				45D61F5920E1695200869814 /* UIUtils.swift in Sources */,
				451ED0A6241E6AA6006CE4E8 /* SwiftUITest.swift in Sources */,
				451B6AA22204B6CC001848FA /* LocalRouter.swift in Sources */,
				454F5207215D3FF1007011F3 /* ComposerCell.swift in Sources */,
				4543985120D03C1600991ADC /* AboutHeaderView.swift in Sources */,
				450E506421879347008FB155 /* SettingsPresenter.swift in Sources */,
				451ED0B1241E8A83006CE4E8 /* PlaylistStore.swift in Sources */,
				45D392A520B1DDEC00EEF4E3 /* AppDelegate.swift in Sources */,
				4569AC8B21628C70000EDFDC /* UISearchBar+ActivityIndicator.swift in Sources */,
				739B4BF42720850200C2D69F /* RadioSessionCell.swift in Sources */,
				4509EA49226251EF0031408D /* Playlist+CoreDataClass.swift in Sources */,
				45AA911B2100EF1900794147 /* AmpVizScene.swift in Sources */,
				451B6AA52204B6CC001848FA /* LocalInteractor.swift in Sources */,
				454F5209215D4587007011F3 /* GroupCell.swift in Sources */,
				45AA91122100D13300794147 /* NowPlayingView.swift in Sources */,
				45AA910620FF36C200794147 /* MPTReplayer.m in Sources */,
				451B6AA72204BBBB001848FA /* ModuleStorage.swift in Sources */,
				4543983620D0344F00991ADC /* AboutInteractor.swift in Sources */,
				73E4FBF02ADC4D01009A985A /* RefreshLatestOperation.swift in Sources */,
				451B6AA32204B6CC001848FA /* LocalModels.swift in Sources */,
				45AA7AED2101BDB10096D7E7 /* ModulePlayer.swift in Sources */,
				456E6F2E240A5FAF0034BDA2 /* PlaylistView.swift in Sources */,
				454612F3245DA50700C07D51 /* SettingsInterpolationCell.swift in Sources */,
				45AA910520FF36C200794147 /* HVLReplayer.mm in Sources */,
				45D61F5620E1647300869814 /* RadioInteractor.swift in Sources */,
				453D9BBF241D24B7002EEBAB /* PlaylistPickerView.swift in Sources */,
				450E506921879347008FB155 /* SettingsInteractor.swift in Sources */,
			);
			runOnlyForDeploymentPostprocessing = 0;
		};
/* End PBXSourcesBuildPhase section */

/* Begin PBXVariantGroup section */
		4543983B20D0366E00991ADC /* Localizable.strings */ = {
			isa = PBXVariantGroup;
			children = (
				4543983C20D0366E00991ADC /* de */,
				4543983F20D0366E00991ADC /* en */,
				4543984120D0366E00991ADC /* nb */,
				4543984320D0366E00991ADC /* es */,
				4543984520D0366E00991ADC /* da */,
				4543984920D0366E00991ADC /* ru */,
				4543984B20D0366E00991ADC /* fi */,
				7364535E2B6C1F9E009A0F7A /* pt-BR */,
			);
			name = Localizable.strings;
			sourceTree = "<group>";
		};
		4543983D20D0366E00991ADC /* InfoPlist.strings */ = {
			isa = PBXVariantGroup;
			children = (
				4543983E20D0366E00991ADC /* de */,
				4543984020D0366E00991ADC /* en */,
				4543984220D0366E00991ADC /* nb */,
				4543984420D0366E00991ADC /* es */,
				4543984620D0366E00991ADC /* da */,
				4543984720D0366E00991ADC /* sv */,
				4543984A20D0366E00991ADC /* ru */,
				4543984C20D0366E00991ADC /* fi */,
				7364535F2B6C1F9E009A0F7A /* pt-BR */,
			);
			name = InfoPlist.strings;
			sourceTree = "<group>";
		};
		45D392AA20B1DDEC00EEF4E3 /* Main.storyboard */ = {
			isa = PBXVariantGroup;
			children = (
				45D392AB20B1DDEC00EEF4E3 /* Base */,
			);
			name = Main.storyboard;
			sourceTree = "<group>";
		};
		45D392AF20B1DDEE00EEF4E3 /* LaunchScreen.storyboard */ = {
			isa = PBXVariantGroup;
			children = (
				45D392B020B1DDEE00EEF4E3 /* Base */,
			);
			name = LaunchScreen.storyboard;
			sourceTree = "<group>";
		};
/* End PBXVariantGroup section */

/* Begin XCBuildConfiguration section */
		45D392B320B1DDEE00EEF4E3 /* Debug */ = {
			isa = XCBuildConfiguration;
			buildSettings = {
				ALWAYS_SEARCH_USER_PATHS = NO;
				CLANG_ANALYZER_LOCALIZABILITY_NONLOCALIZED = YES;
				CLANG_ANALYZER_NONNULL = YES;
				CLANG_ANALYZER_NUMBER_OBJECT_CONVERSION = YES_AGGRESSIVE;
				CLANG_CXX_LANGUAGE_STANDARD = "gnu++14";
				CLANG_CXX_LIBRARY = "libc++";
				CLANG_ENABLE_MODULES = YES;
				CLANG_ENABLE_OBJC_ARC = YES;
				CLANG_ENABLE_OBJC_WEAK = YES;
				CLANG_WARN_BLOCK_CAPTURE_AUTORELEASING = YES;
				CLANG_WARN_BOOL_CONVERSION = YES;
				CLANG_WARN_COMMA = YES;
				CLANG_WARN_CONSTANT_CONVERSION = YES;
				CLANG_WARN_DEPRECATED_OBJC_IMPLEMENTATIONS = YES;
				CLANG_WARN_DIRECT_OBJC_ISA_USAGE = YES_ERROR;
				CLANG_WARN_DOCUMENTATION_COMMENTS = YES;
				CLANG_WARN_EMPTY_BODY = YES;
				CLANG_WARN_ENUM_CONVERSION = YES;
				CLANG_WARN_INFINITE_RECURSION = YES;
				CLANG_WARN_INT_CONVERSION = YES;
				CLANG_WARN_NON_LITERAL_NULL_CONVERSION = YES;
				CLANG_WARN_OBJC_IMPLICIT_RETAIN_SELF = YES;
				CLANG_WARN_OBJC_LITERAL_CONVERSION = YES;
				CLANG_WARN_OBJC_ROOT_CLASS = YES_ERROR;
				CLANG_WARN_QUOTED_INCLUDE_IN_FRAMEWORK_HEADER = YES;
				CLANG_WARN_RANGE_LOOP_ANALYSIS = YES;
				CLANG_WARN_STRICT_PROTOTYPES = YES;
				CLANG_WARN_SUSPICIOUS_MOVE = YES;
				CLANG_WARN_UNGUARDED_AVAILABILITY = YES_AGGRESSIVE;
				CLANG_WARN_UNREACHABLE_CODE = YES;
				CLANG_WARN__DUPLICATE_METHOD_MATCH = YES;
				CODE_SIGN_IDENTITY = "iPhone Developer";
				COPY_PHASE_STRIP = NO;
				DEBUG_INFORMATION_FORMAT = dwarf;
				ENABLE_STRICT_OBJC_MSGSEND = YES;
				ENABLE_TESTABILITY = YES;
				GCC_C_LANGUAGE_STANDARD = gnu11;
				GCC_DYNAMIC_NO_PIC = NO;
				GCC_NO_COMMON_BLOCKS = YES;
				GCC_OPTIMIZATION_LEVEL = 0;
				GCC_PREPROCESSOR_DEFINITIONS = (
					"DEBUG=1",
					"$(inherited)",
				);
				GCC_WARN_64_TO_32_BIT_CONVERSION = YES;
				GCC_WARN_ABOUT_RETURN_TYPE = YES_ERROR;
				GCC_WARN_UNDECLARED_SELECTOR = YES;
				GCC_WARN_UNINITIALIZED_AUTOS = YES_AGGRESSIVE;
				GCC_WARN_UNUSED_FUNCTION = YES;
				GCC_WARN_UNUSED_VARIABLE = YES;
				IPHONEOS_DEPLOYMENT_TARGET = 15.0;
				MTL_ENABLE_DEBUG_INFO = YES;
				ONLY_ACTIVE_ARCH = YES;
				SDKROOT = iphoneos;
				SWIFT_ACTIVE_COMPILATION_CONDITIONS = DEBUG;
				SWIFT_OPTIMIZATION_LEVEL = "-Onone";
			};
			name = Debug;
		};
		45D392B420B1DDEE00EEF4E3 /* Release */ = {
			isa = XCBuildConfiguration;
			buildSettings = {
				ALWAYS_SEARCH_USER_PATHS = NO;
				CLANG_ANALYZER_LOCALIZABILITY_NONLOCALIZED = YES;
				CLANG_ANALYZER_NONNULL = YES;
				CLANG_ANALYZER_NUMBER_OBJECT_CONVERSION = YES_AGGRESSIVE;
				CLANG_CXX_LANGUAGE_STANDARD = "gnu++14";
				CLANG_CXX_LIBRARY = "libc++";
				CLANG_ENABLE_MODULES = YES;
				CLANG_ENABLE_OBJC_ARC = YES;
				CLANG_ENABLE_OBJC_WEAK = YES;
				CLANG_WARN_BLOCK_CAPTURE_AUTORELEASING = YES;
				CLANG_WARN_BOOL_CONVERSION = YES;
				CLANG_WARN_COMMA = YES;
				CLANG_WARN_CONSTANT_CONVERSION = YES;
				CLANG_WARN_DEPRECATED_OBJC_IMPLEMENTATIONS = YES;
				CLANG_WARN_DIRECT_OBJC_ISA_USAGE = YES_ERROR;
				CLANG_WARN_DOCUMENTATION_COMMENTS = YES;
				CLANG_WARN_EMPTY_BODY = YES;
				CLANG_WARN_ENUM_CONVERSION = YES;
				CLANG_WARN_INFINITE_RECURSION = YES;
				CLANG_WARN_INT_CONVERSION = YES;
				CLANG_WARN_NON_LITERAL_NULL_CONVERSION = YES;
				CLANG_WARN_OBJC_IMPLICIT_RETAIN_SELF = YES;
				CLANG_WARN_OBJC_LITERAL_CONVERSION = YES;
				CLANG_WARN_OBJC_ROOT_CLASS = YES_ERROR;
				CLANG_WARN_QUOTED_INCLUDE_IN_FRAMEWORK_HEADER = YES;
				CLANG_WARN_RANGE_LOOP_ANALYSIS = YES;
				CLANG_WARN_STRICT_PROTOTYPES = YES;
				CLANG_WARN_SUSPICIOUS_MOVE = YES;
				CLANG_WARN_UNGUARDED_AVAILABILITY = YES_AGGRESSIVE;
				CLANG_WARN_UNREACHABLE_CODE = YES;
				CLANG_WARN__DUPLICATE_METHOD_MATCH = YES;
				CODE_SIGN_IDENTITY = "iPhone Developer";
				COPY_PHASE_STRIP = NO;
				DEBUG_INFORMATION_FORMAT = "dwarf-with-dsym";
				ENABLE_NS_ASSERTIONS = NO;
				ENABLE_STRICT_OBJC_MSGSEND = YES;
				GCC_C_LANGUAGE_STANDARD = gnu11;
				GCC_NO_COMMON_BLOCKS = YES;
				GCC_WARN_64_TO_32_BIT_CONVERSION = YES;
				GCC_WARN_ABOUT_RETURN_TYPE = YES_ERROR;
				GCC_WARN_UNDECLARED_SELECTOR = YES;
				GCC_WARN_UNINITIALIZED_AUTOS = YES_AGGRESSIVE;
				GCC_WARN_UNUSED_FUNCTION = YES;
				GCC_WARN_UNUSED_VARIABLE = YES;
				IPHONEOS_DEPLOYMENT_TARGET = 15.0;
				MTL_ENABLE_DEBUG_INFO = NO;
				NEW_SETTING = "";
				SDKROOT = iphoneos;
				SWIFT_COMPILATION_MODE = wholemodule;
				SWIFT_OPTIMIZATION_LEVEL = "-O";
				VALIDATE_PRODUCT = YES;
			};
			name = Release;
		};
		45D392B620B1DDEE00EEF4E3 /* Debug */ = {
			isa = XCBuildConfiguration;
			buildSettings = {
				ASSETCATALOG_COMPILER_APPICON_NAME = AppIcon;
				CLANG_WARN_DOCUMENTATION_COMMENTS = NO;
				CODE_SIGN_ENTITLEMENTS = ampplayer.entitlements;
				CODE_SIGN_IDENTITY = "Apple Development";
				CODE_SIGN_STYLE = Automatic;
				CURRENT_PROJECT_VERSION = 35;
				DEVELOPMENT_TEAM = 2G92PSCBJ9;
				FRAMEWORK_SEARCH_PATHS = "$(inherited)";
				HEADER_SEARCH_PATHS = (
					../openmpt/libopenmpt,
					"../uade-ios/src/frontends/include",
					"../uade-ios/src/include",
				);
				INFOPLIST_FILE = "$(SRCROOT)/4champ/Info.plist";
				IPHONEOS_DEPLOYMENT_TARGET = 15.0;
				LD_RUNPATH_SEARCH_PATHS = (
					"$(inherited)",
					"@executable_path/Frameworks",
				);
				LIBRARY_SEARCH_PATHS = (
					../openmpt,
					"../uade-ios",
				);
				MARKETING_VERSION = 3.7;
				PRODUCT_BUNDLE_IDENTIFIER = com.boogiesoftware.ampplayer;
				PRODUCT_NAME = "$(TARGET_NAME)";
				PROVISIONING_PROFILE_SPECIFIER = "";
				SWIFT_OBJC_BRIDGING_HEADER = "4champ/4champ-bridging-header.h";
				SWIFT_VERSION = 4.2;
				TARGETED_DEVICE_FAMILY = "1,2";
			};
			name = Debug;
		};
		45D392B720B1DDEE00EEF4E3 /* Release */ = {
			isa = XCBuildConfiguration;
			buildSettings = {
				ASSETCATALOG_COMPILER_APPICON_NAME = AppIcon;
				CLANG_WARN_DOCUMENTATION_COMMENTS = NO;
				CODE_SIGN_ENTITLEMENTS = ampplayer.entitlements;
				CODE_SIGN_IDENTITY = "Apple Development";
				CODE_SIGN_STYLE = Automatic;
				CURRENT_PROJECT_VERSION = 35;
				DEVELOPMENT_TEAM = 2G92PSCBJ9;
				FRAMEWORK_SEARCH_PATHS = "$(inherited)";
				HEADER_SEARCH_PATHS = (
					../openmpt/libopenmpt,
					"../uade-ios/src/frontends/include",
					"../uade-ios/src/include",
				);
				INFOPLIST_FILE = "$(SRCROOT)/4champ/Info.plist";
				IPHONEOS_DEPLOYMENT_TARGET = 15.0;
				LD_RUNPATH_SEARCH_PATHS = (
					"$(inherited)",
					"@executable_path/Frameworks",
				);
				LIBRARY_SEARCH_PATHS = (
					../openmpt,
					"../uade-ios",
				);
				MARKETING_VERSION = 3.7;
				PRODUCT_BUNDLE_IDENTIFIER = com.boogiesoftware.ampplayer;
				PRODUCT_NAME = "$(TARGET_NAME)";
				PROVISIONING_PROFILE_SPECIFIER = "";
				SWIFT_OBJC_BRIDGING_HEADER = "4champ/4champ-bridging-header.h";
				SWIFT_VERSION = 4.2;
				TARGETED_DEVICE_FAMILY = "1,2";
			};
			name = Release;
		};
/* End XCBuildConfiguration section */

/* Begin XCConfigurationList section */
		45D3929C20B1DDEC00EEF4E3 /* Build configuration list for PBXProject "4champ" */ = {
			isa = XCConfigurationList;
			buildConfigurations = (
				45D392B320B1DDEE00EEF4E3 /* Debug */,
				45D392B420B1DDEE00EEF4E3 /* Release */,
			);
			defaultConfigurationIsVisible = 0;
			defaultConfigurationName = Release;
		};
		45D392B520B1DDEE00EEF4E3 /* Build configuration list for PBXNativeTarget "ampplayer" */ = {
			isa = XCConfigurationList;
			buildConfigurations = (
				45D392B620B1DDEE00EEF4E3 /* Debug */,
				45D392B720B1DDEE00EEF4E3 /* Release */,
			);
			defaultConfigurationIsVisible = 0;
			defaultConfigurationName = Release;
		};
/* End XCConfigurationList section */

/* Begin XCRemoteSwiftPackageReference section */
		735A273C264FDFAD004EAC0C /* XCRemoteSwiftPackageReference "GzipSwift" */ = {
			isa = XCRemoteSwiftPackageReference;
			repositoryURL = "https://github.com/1024jp/GzipSwift";
			requirement = {
				kind = upToNextMajorVersion;
				minimumVersion = 5.1.1;
			};
		};
		735A2740264FDFDE004EAC0C /* XCRemoteSwiftPackageReference "SwiftyBeaver" */ = {
			isa = XCRemoteSwiftPackageReference;
			repositoryURL = "https://github.com/SwiftyBeaver/SwiftyBeaver";
			requirement = {
				kind = upToNextMajorVersion;
				minimumVersion = 1.9.4;
			};
		};
		735A2744264FE01D004EAC0C /* XCRemoteSwiftPackageReference "Alamofire" */ = {
			isa = XCRemoteSwiftPackageReference;
			repositoryURL = "https://github.com/Alamofire/Alamofire";
			requirement = {
				kind = upToNextMajorVersion;
				minimumVersion = 5.4.3;
			};
		};
/* End XCRemoteSwiftPackageReference section */

/* Begin XCSwiftPackageProductDependency section */
		735A273D264FDFAD004EAC0C /* Gzip */ = {
			isa = XCSwiftPackageProductDependency;
			package = 735A273C264FDFAD004EAC0C /* XCRemoteSwiftPackageReference "GzipSwift" */;
			productName = Gzip;
		};
		735A2741264FDFDE004EAC0C /* SwiftyBeaver */ = {
			isa = XCSwiftPackageProductDependency;
			package = 735A2740264FDFDE004EAC0C /* XCRemoteSwiftPackageReference "SwiftyBeaver" */;
			productName = SwiftyBeaver;
		};
		735A2745264FE01D004EAC0C /* Alamofire */ = {
			isa = XCSwiftPackageProductDependency;
			package = 735A2744264FE01D004EAC0C /* XCRemoteSwiftPackageReference "Alamofire" */;
			productName = Alamofire;
		};
/* End XCSwiftPackageProductDependency section */

/* Begin XCVersionGroup section */
		454D1AD822035D87006ABA85 /* AmpCDModel.xcdatamodeld */ = {
			isa = XCVersionGroup;
			children = (
				735A274D264FE9EA004EAC0C /* AmpCDModel 9 (imports).xcdatamodel */,
				454D1AD922035D87006ABA85 /* AmpCDModel 8 (preview).xcdatamodel */,
			);
			currentVersion = 735A274D264FE9EA004EAC0C /* AmpCDModel 9 (imports).xcdatamodel */;
			path = AmpCDModel.xcdatamodeld;
			sourceTree = "<group>";
			versionGroupType = wrapper.xcdatamodel;
		};
/* End XCVersionGroup section */
	};
	rootObject = 45D3929920B1DDEC00EEF4E3 /* Project object */;
}
